// !$*UTF8*$!
{
	archiveVersion = 1;
	classes = {
	};
	objectVersion = 55;
	objects = {

/* Begin PBXBuildFile section */
		2709AA032858A7B300655C19 /* AgeView.swift in Sources */ = {isa = PBXBuildFile; fileRef = 2709AA022858A7B300655C19 /* AgeView.swift */; };
		2709AA052858A80A00655C19 /* PreviewProvider.swift in Sources */ = {isa = PBXBuildFile; fileRef = 2709AA042858A80A00655C19 /* PreviewProvider.swift */; };
		2709AA082858AF1500655C19 /* BirthdayPicker.swift in Sources */ = {isa = PBXBuildFile; fileRef = 2709AA072858AF1500655C19 /* BirthdayPicker.swift */; };
		2709AA0B2858C17400655C19 /* SexView.swift in Sources */ = {isa = PBXBuildFile; fileRef = 2709AA0A2858C17400655C19 /* SexView.swift */; };
		2709AA112858C49C00655C19 /* SexPicker.swift in Sources */ = {isa = PBXBuildFile; fileRef = 2709AA102858C49C00655C19 /* SexPicker.swift */; };
		2709AA142858D23100655C19 /* Alert.swift in Sources */ = {isa = PBXBuildFile; fileRef = 2709AA132858D23100655C19 /* Alert.swift */; };
		2709AA192858EA5900655C19 /* ActivityView.swift in Sources */ = {isa = PBXBuildFile; fileRef = 2709AA182858EA5900655C19 /* ActivityView.swift */; };
		2709AA1C2858EAEA00655C19 /* StepPicker.swift in Sources */ = {isa = PBXBuildFile; fileRef = 2709AA1B2858EAEA00655C19 /* StepPicker.swift */; };
		2709AA1E2858FA8200655C19 /* WorkoutAmountPicker.swift in Sources */ = {isa = PBXBuildFile; fileRef = 2709AA1D2858FA8200655C19 /* WorkoutAmountPicker.swift */; };
		2709AA2028591AA100655C19 /* ActivityEnums.swift in Sources */ = {isa = PBXBuildFile; fileRef = 2709AA1F28591AA100655C19 /* ActivityEnums.swift */; };
		270CDD382857630000D32953 /* User.swift in Sources */ = {isa = PBXBuildFile; fileRef = 270CDD372857630000D32953 /* User.swift */; };
		270CDD3C285767EC00D32953 /* WeighIn.swift in Sources */ = {isa = PBXBuildFile; fileRef = 270CDD3B285767EC00D32953 /* WeighIn.swift */; };
		270CDD402857719300D32953 /* GlobalUserViewModel.swift in Sources */ = {isa = PBXBuildFile; fileRef = 270CDD3F2857719300D32953 /* GlobalUserViewModel.swift */; };
		270CDD45285783E600D32953 /* BottomButtonModifier.swift in Sources */ = {isa = PBXBuildFile; fileRef = 270CDD44285783E600D32953 /* BottomButtonModifier.swift */; };
		270CDD472857933900D32953 /* HeightMeasurementTypeView.swift in Sources */ = {isa = PBXBuildFile; fileRef = 270CDD462857933900D32953 /* HeightMeasurementTypeView.swift */; };
		270CDD49285793B700D32953 /* HeightPickerView.swift in Sources */ = {isa = PBXBuildFile; fileRef = 270CDD48285793B700D32953 /* HeightPickerView.swift */; };
		270CDD4D2857B4FF00D32953 /* WeightView.swift in Sources */ = {isa = PBXBuildFile; fileRef = 270CDD4C2857B4FE00D32953 /* WeightView.swift */; };
		270CDD4F2857B80100D32953 /* WeightMeasurementTypeView.swift in Sources */ = {isa = PBXBuildFile; fileRef = 270CDD4E2857B80100D32953 /* WeightMeasurementTypeView.swift */; };
		270CDD512857BA6000D32953 /* WeightTextFieldView.swift in Sources */ = {isa = PBXBuildFile; fileRef = 270CDD502857BA6000D32953 /* WeightTextFieldView.swift */; };
		274FBBDF2860AD02001CB004 /* CurrentMacrosView.swift in Sources */ = {isa = PBXBuildFile; fileRef = 274FBBDE2860AD02001CB004 /* CurrentMacrosView.swift */; };
		274FBBE62861D6F8001CB004 /* KeyboardDismissButton.swift in Sources */ = {isa = PBXBuildFile; fileRef = 274FBBE52861D6F8001CB004 /* KeyboardDismissButton.swift */; };
		27D51909285375C5004F4C9C /* NutrientCalculatorV3App.swift in Sources */ = {isa = PBXBuildFile; fileRef = 27D51908285375C5004F4C9C /* NutrientCalculatorV3App.swift */; };
		27D5190D285375C6004F4C9C /* Assets.xcassets in Resources */ = {isa = PBXBuildFile; fileRef = 27D5190C285375C6004F4C9C /* Assets.xcassets */; };
		27D51910285375C6004F4C9C /* Preview Assets.xcassets in Resources */ = {isa = PBXBuildFile; fileRef = 27D5190F285375C6004F4C9C /* Preview Assets.xcassets */; };
		27D5191728537608004F4C9C /* DashboardTabView.swift in Sources */ = {isa = PBXBuildFile; fileRef = 27D5191628537608004F4C9C /* DashboardTabView.swift */; };
		27D5191928537717004F4C9C /* OnboardingView.swift in Sources */ = {isa = PBXBuildFile; fileRef = 27D5191828537717004F4C9C /* OnboardingView.swift */; };
		27D5191B28537ADE004F4C9C /* Color.swift in Sources */ = {isa = PBXBuildFile; fileRef = 27D5191A28537ADE004F4C9C /* Color.swift */; };
		27D5191D28537CDB004F4C9C /* HeightView.swift in Sources */ = {isa = PBXBuildFile; fileRef = 27D5191C28537CDB004F4C9C /* HeightView.swift */; };
		27E8241C285B9FFD00A7FE96 /* GoalView.swift in Sources */ = {isa = PBXBuildFile; fileRef = 27E8241B285B9FFD00A7FE96 /* GoalView.swift */; };
		27E8241E285BA4FD00A7FE96 /* GoalPicker.swift in Sources */ = {isa = PBXBuildFile; fileRef = 27E8241D285BA4FD00A7FE96 /* GoalPicker.swift */; };
		27E82422285BE91C00A7FE96 /* GoalEnum.swift in Sources */ = {isa = PBXBuildFile; fileRef = 27E82421285BE91C00A7FE96 /* GoalEnum.swift */; };
/* End PBXBuildFile section */

/* Begin PBXFileReference section */
		2709AA022858A7B300655C19 /* AgeView.swift */ = {isa = PBXFileReference; lastKnownFileType = sourcecode.swift; path = AgeView.swift; sourceTree = "<group>"; };
		2709AA042858A80A00655C19 /* PreviewProvider.swift */ = {isa = PBXFileReference; lastKnownFileType = sourcecode.swift; path = PreviewProvider.swift; sourceTree = "<group>"; };
		2709AA072858AF1500655C19 /* BirthdayPicker.swift */ = {isa = PBXFileReference; lastKnownFileType = sourcecode.swift; path = BirthdayPicker.swift; sourceTree = "<group>"; };
		2709AA0A2858C17400655C19 /* SexView.swift */ = {isa = PBXFileReference; lastKnownFileType = sourcecode.swift; path = SexView.swift; sourceTree = "<group>"; };
		2709AA102858C49C00655C19 /* SexPicker.swift */ = {isa = PBXFileReference; lastKnownFileType = sourcecode.swift; path = SexPicker.swift; sourceTree = "<group>"; };
		2709AA132858D23100655C19 /* Alert.swift */ = {isa = PBXFileReference; fileEncoding = 4; lastKnownFileType = sourcecode.swift; path = Alert.swift; sourceTree = "<group>"; };
		2709AA182858EA5900655C19 /* ActivityView.swift */ = {isa = PBXFileReference; lastKnownFileType = sourcecode.swift; path = ActivityView.swift; sourceTree = "<group>"; };
		2709AA1B2858EAEA00655C19 /* StepPicker.swift */ = {isa = PBXFileReference; lastKnownFileType = sourcecode.swift; path = StepPicker.swift; sourceTree = "<group>"; };
		2709AA1D2858FA8200655C19 /* WorkoutAmountPicker.swift */ = {isa = PBXFileReference; lastKnownFileType = sourcecode.swift; path = WorkoutAmountPicker.swift; sourceTree = "<group>"; };
		2709AA1F28591AA100655C19 /* ActivityEnums.swift */ = {isa = PBXFileReference; lastKnownFileType = sourcecode.swift; path = ActivityEnums.swift; sourceTree = "<group>"; };
		270CDD372857630000D32953 /* User.swift */ = {isa = PBXFileReference; lastKnownFileType = sourcecode.swift; path = User.swift; sourceTree = "<group>"; };
		270CDD3B285767EC00D32953 /* WeighIn.swift */ = {isa = PBXFileReference; lastKnownFileType = sourcecode.swift; path = WeighIn.swift; sourceTree = "<group>"; };
		270CDD3F2857719300D32953 /* GlobalUserViewModel.swift */ = {isa = PBXFileReference; lastKnownFileType = sourcecode.swift; path = GlobalUserViewModel.swift; sourceTree = "<group>"; };
		270CDD44285783E600D32953 /* BottomButtonModifier.swift */ = {isa = PBXFileReference; lastKnownFileType = sourcecode.swift; path = BottomButtonModifier.swift; sourceTree = "<group>"; };
		270CDD462857933900D32953 /* HeightMeasurementTypeView.swift */ = {isa = PBXFileReference; lastKnownFileType = sourcecode.swift; path = HeightMeasurementTypeView.swift; sourceTree = "<group>"; };
		270CDD48285793B700D32953 /* HeightPickerView.swift */ = {isa = PBXFileReference; lastKnownFileType = sourcecode.swift; path = HeightPickerView.swift; sourceTree = "<group>"; };
		270CDD4C2857B4FE00D32953 /* WeightView.swift */ = {isa = PBXFileReference; lastKnownFileType = sourcecode.swift; path = WeightView.swift; sourceTree = "<group>"; };
		270CDD4E2857B80100D32953 /* WeightMeasurementTypeView.swift */ = {isa = PBXFileReference; lastKnownFileType = sourcecode.swift; path = WeightMeasurementTypeView.swift; sourceTree = "<group>"; };
		270CDD502857BA6000D32953 /* WeightTextFieldView.swift */ = {isa = PBXFileReference; lastKnownFileType = sourcecode.swift; path = WeightTextFieldView.swift; sourceTree = "<group>"; };
		274FBBDE2860AD02001CB004 /* CurrentMacrosView.swift */ = {isa = PBXFileReference; lastKnownFileType = sourcecode.swift; path = CurrentMacrosView.swift; sourceTree = "<group>"; };
		274FBBE52861D6F8001CB004 /* KeyboardDismissButton.swift */ = {isa = PBXFileReference; lastKnownFileType = sourcecode.swift; path = KeyboardDismissButton.swift; sourceTree = "<group>"; };
		27D51905285375C5004F4C9C /* NutrientCalculatorV3.app */ = {isa = PBXFileReference; explicitFileType = wrapper.application; includeInIndex = 0; path = NutrientCalculatorV3.app; sourceTree = BUILT_PRODUCTS_DIR; };
		27D51908285375C5004F4C9C /* NutrientCalculatorV3App.swift */ = {isa = PBXFileReference; lastKnownFileType = sourcecode.swift; path = NutrientCalculatorV3App.swift; sourceTree = "<group>"; };
		27D5190C285375C6004F4C9C /* Assets.xcassets */ = {isa = PBXFileReference; lastKnownFileType = folder.assetcatalog; path = Assets.xcassets; sourceTree = "<group>"; };
		27D5190F285375C6004F4C9C /* Preview Assets.xcassets */ = {isa = PBXFileReference; lastKnownFileType = folder.assetcatalog; path = "Preview Assets.xcassets"; sourceTree = "<group>"; };
		27D5191628537608004F4C9C /* DashboardTabView.swift */ = {isa = PBXFileReference; lastKnownFileType = sourcecode.swift; path = DashboardTabView.swift; sourceTree = "<group>"; };
		27D5191828537717004F4C9C /* OnboardingView.swift */ = {isa = PBXFileReference; lastKnownFileType = sourcecode.swift; path = OnboardingView.swift; sourceTree = "<group>"; };
		27D5191A28537ADE004F4C9C /* Color.swift */ = {isa = PBXFileReference; fileEncoding = 4; lastKnownFileType = sourcecode.swift; path = Color.swift; sourceTree = "<group>"; };
		27D5191C28537CDB004F4C9C /* HeightView.swift */ = {isa = PBXFileReference; lastKnownFileType = sourcecode.swift; path = HeightView.swift; sourceTree = "<group>"; };
		27E8241B285B9FFD00A7FE96 /* GoalView.swift */ = {isa = PBXFileReference; lastKnownFileType = sourcecode.swift; path = GoalView.swift; sourceTree = "<group>"; };
		27E8241D285BA4FD00A7FE96 /* GoalPicker.swift */ = {isa = PBXFileReference; lastKnownFileType = sourcecode.swift; path = GoalPicker.swift; sourceTree = "<group>"; };
		27E82421285BE91C00A7FE96 /* GoalEnum.swift */ = {isa = PBXFileReference; fileEncoding = 4; lastKnownFileType = sourcecode.swift; path = GoalEnum.swift; sourceTree = "<group>"; };
/* End PBXFileReference section */

/* Begin PBXFrameworksBuildPhase section */
		27D51902285375C5004F4C9C /* Frameworks */ = {
			isa = PBXFrameworksBuildPhase;
			buildActionMask = 2147483647;
			files = (
			);
			runOnlyForDeploymentPostprocessing = 0;
		};
/* End PBXFrameworksBuildPhase section */

/* Begin PBXGroup section */
		2709AA062858AEEE00655C19 /* AgeViews */ = {
			isa = PBXGroup;
			children = (
				2709AA022858A7B300655C19 /* AgeView.swift */,
				2709AA072858AF1500655C19 /* BirthdayPicker.swift */,
			);
			path = AgeViews;
			sourceTree = "<group>";
		};
		2709AA092858C16000655C19 /* SexViews */ = {
			isa = PBXGroup;
			children = (
				2709AA0A2858C17400655C19 /* SexView.swift */,
				2709AA102858C49C00655C19 /* SexPicker.swift */,
			);
			path = SexViews;
			sourceTree = "<group>";
		};
		2709AA122858D1FF00655C19 /* Alerts */ = {
			isa = PBXGroup;
			children = (
				2709AA132858D23100655C19 /* Alert.swift */,
			);
			path = Alerts;
			sourceTree = "<group>";
		};
		2709AA172858EA0000655C19 /* UserViews */ = {
			isa = PBXGroup;
			children = (
				27E8241A285B9FEE00A7FE96 /* GoalViews */,
				2709AA1A2858EA6000655C19 /* ActivityViews */,
				270CDD4A2857941E00D32953 /* HeightViews */,
				270CDD4B2857B4ED00D32953 /* WeightViews */,
				2709AA062858AEEE00655C19 /* AgeViews */,
				2709AA092858C16000655C19 /* SexViews */,
			);
			path = UserViews;
			sourceTree = "<group>";
		};
		2709AA1A2858EA6000655C19 /* ActivityViews */ = {
			isa = PBXGroup;
			children = (
				2709AA1F28591AA100655C19 /* ActivityEnums.swift */,
				2709AA182858EA5900655C19 /* ActivityView.swift */,
				2709AA1B2858EAEA00655C19 /* StepPicker.swift */,
				2709AA1D2858FA8200655C19 /* WorkoutAmountPicker.swift */,
			);
			path = ActivityViews;
			sourceTree = "<group>";
		};
		270CDD39285765E400D32953 /* Models */ = {
			isa = PBXGroup;
			children = (
				270CDD372857630000D32953 /* User.swift */,
				270CDD3B285767EC00D32953 /* WeighIn.swift */,
			);
			path = Models;
			sourceTree = "<group>";
		};
		270CDD3A285765ED00D32953 /* GlobalViewModel */ = {
			isa = PBXGroup;
			children = (
				270CDD3F2857719300D32953 /* GlobalUserViewModel.swift */,
			);
			path = GlobalViewModel;
			sourceTree = "<group>";
		};
		270CDD412857735500D32953 /* OnboardingViews */ = {
			isa = PBXGroup;
			children = (
				27D5191828537717004F4C9C /* OnboardingView.swift */,
				274FBBDE2860AD02001CB004 /* CurrentMacrosView.swift */,
				270CDD44285783E600D32953 /* BottomButtonModifier.swift */,
			);
			path = OnboardingViews;
			sourceTree = "<group>";
		};
		270CDD422857736900D32953 /* Utilities */ = {
			isa = PBXGroup;
			children = (
				2709AA122858D1FF00655C19 /* Alerts */,
				270CDD432857737300D32953 /* Extensions */,
			);
			path = Utilities;
			sourceTree = "<group>";
		};
		270CDD432857737300D32953 /* Extensions */ = {
			isa = PBXGroup;
			children = (
				27D5191A28537ADE004F4C9C /* Color.swift */,
				2709AA042858A80A00655C19 /* PreviewProvider.swift */,
			);
			path = Extensions;
			sourceTree = "<group>";
		};
		270CDD4A2857941E00D32953 /* HeightViews */ = {
			isa = PBXGroup;
			children = (
				27D5191C28537CDB004F4C9C /* HeightView.swift */,
				270CDD462857933900D32953 /* HeightMeasurementTypeView.swift */,
				270CDD48285793B700D32953 /* HeightPickerView.swift */,
			);
			path = HeightViews;
			sourceTree = "<group>";
		};
		270CDD4B2857B4ED00D32953 /* WeightViews */ = {
			isa = PBXGroup;
			children = (
				270CDD4C2857B4FE00D32953 /* WeightView.swift */,
				270CDD4E2857B80100D32953 /* WeightMeasurementTypeView.swift */,
				270CDD502857BA6000D32953 /* WeightTextFieldView.swift */,
			);
			path = WeightViews;
			sourceTree = "<group>";
		};
		274FBBE32861D6BB001CB004 /* Components */ = {
			isa = PBXGroup;
			children = (
				274FBBE52861D6F8001CB004 /* KeyboardDismissButton.swift */,
			);
			path = Components;
			sourceTree = "<group>";
		};
		27D518FC285375C5004F4C9C = {
			isa = PBXGroup;
			children = (
				27D51907285375C5004F4C9C /* NutrientCalculatorV3 */,
				27D51906285375C5004F4C9C /* Products */,
			);
			sourceTree = "<group>";
		};
		27D51906285375C5004F4C9C /* Products */ = {
			isa = PBXGroup;
			children = (
				27D51905285375C5004F4C9C /* NutrientCalculatorV3.app */,
			);
			name = Products;
			sourceTree = "<group>";
		};
		27D51907285375C5004F4C9C /* NutrientCalculatorV3 */ = {
			isa = PBXGroup;
			children = (
				274FBBE32861D6BB001CB004 /* Components */,
				270CDD422857736900D32953 /* Utilities */,
				270CDD3A285765ED00D32953 /* GlobalViewModel */,
				270CDD39285765E400D32953 /* Models */,
				270CDD412857735500D32953 /* OnboardingViews */,
				2709AA172858EA0000655C19 /* UserViews */,
				27D5191628537608004F4C9C /* DashboardTabView.swift */,
				27D5190C285375C6004F4C9C /* Assets.xcassets */,
				27D51908285375C5004F4C9C /* NutrientCalculatorV3App.swift */,
				27D5190E285375C6004F4C9C /* Preview Content */,
			);
			path = NutrientCalculatorV3;
			sourceTree = "<group>";
		};
		27D5190E285375C6004F4C9C /* Preview Content */ = {
			isa = PBXGroup;
			children = (
				27D5190F285375C6004F4C9C /* Preview Assets.xcassets */,
			);
			path = "Preview Content";
			sourceTree = "<group>";
		};
		27E8241A285B9FEE00A7FE96 /* GoalViews */ = {
			isa = PBXGroup;
			children = (
				27E82421285BE91C00A7FE96 /* GoalEnum.swift */,
				27E8241B285B9FFD00A7FE96 /* GoalView.swift */,
				27E8241D285BA4FD00A7FE96 /* GoalPicker.swift */,
			);
			path = GoalViews;
			sourceTree = "<group>";
		};
/* End PBXGroup section */

/* Begin PBXNativeTarget section */
		27D51904285375C5004F4C9C /* NutrientCalculatorV3 */ = {
			isa = PBXNativeTarget;
			buildConfigurationList = 27D51913285375C6004F4C9C /* Build configuration list for PBXNativeTarget "NutrientCalculatorV3" */;
			buildPhases = (
				27D51901285375C5004F4C9C /* Sources */,
				27D51902285375C5004F4C9C /* Frameworks */,
				27D51903285375C5004F4C9C /* Resources */,
			);
			buildRules = (
			);
			dependencies = (
			);
			name = NutrientCalculatorV3;
			productName = NutrientCalculatorV3;
			productReference = 27D51905285375C5004F4C9C /* NutrientCalculatorV3.app */;
			productType = "com.apple.product-type.application";
		};
/* End PBXNativeTarget section */

/* Begin PBXProject section */
		27D518FD285375C5004F4C9C /* Project object */ = {
			isa = PBXProject;
			attributes = {
				BuildIndependentTargetsInParallel = 1;
				LastSwiftUpdateCheck = 1340;
				LastUpgradeCheck = 1340;
				TargetAttributes = {
					27D51904285375C5004F4C9C = {
						CreatedOnToolsVersion = 13.4.1;
					};
				};
			};
			buildConfigurationList = 27D51900285375C5004F4C9C /* Build configuration list for PBXProject "NutrientCalculatorV3" */;
			compatibilityVersion = "Xcode 13.0";
			developmentRegion = en;
			hasScannedForEncodings = 0;
			knownRegions = (
				en,
				Base,
			);
			mainGroup = 27D518FC285375C5004F4C9C;
			productRefGroup = 27D51906285375C5004F4C9C /* Products */;
			projectDirPath = "";
			projectRoot = "";
			targets = (
				27D51904285375C5004F4C9C /* NutrientCalculatorV3 */,
			);
		};
/* End PBXProject section */

/* Begin PBXResourcesBuildPhase section */
		27D51903285375C5004F4C9C /* Resources */ = {
			isa = PBXResourcesBuildPhase;
			buildActionMask = 2147483647;
			files = (
				27D51910285375C6004F4C9C /* Preview Assets.xcassets in Resources */,
				27D5190D285375C6004F4C9C /* Assets.xcassets in Resources */,
			);
			runOnlyForDeploymentPostprocessing = 0;
		};
/* End PBXResourcesBuildPhase section */

/* Begin PBXSourcesBuildPhase section */
		27D51901285375C5004F4C9C /* Sources */ = {
			isa = PBXSourcesBuildPhase;
			buildActionMask = 2147483647;
			files = (
				27E8241E285BA4FD00A7FE96 /* GoalPicker.swift in Sources */,
				2709AA2028591AA100655C19 /* ActivityEnums.swift in Sources */,
				2709AA1E2858FA8200655C19 /* WorkoutAmountPicker.swift in Sources */,
				27E8241C285B9FFD00A7FE96 /* GoalView.swift in Sources */,
				270CDD512857BA6000D32953 /* WeightTextFieldView.swift in Sources */,
				274FBBDF2860AD02001CB004 /* CurrentMacrosView.swift in Sources */,
				2709AA0B2858C17400655C19 /* SexView.swift in Sources */,
				270CDD49285793B700D32953 /* HeightPickerView.swift in Sources */,
				2709AA112858C49C00655C19 /* SexPicker.swift in Sources */,
				27D5191928537717004F4C9C /* OnboardingView.swift in Sources */,
				270CDD402857719300D32953 /* GlobalUserViewModel.swift in Sources */,
				274FBBE62861D6F8001CB004 /* KeyboardDismissButton.swift in Sources */,
				2709AA082858AF1500655C19 /* BirthdayPicker.swift in Sources */,
				270CDD45285783E600D32953 /* BottomButtonModifier.swift in Sources */,
				2709AA032858A7B300655C19 /* AgeView.swift in Sources */,
				27D5191B28537ADE004F4C9C /* Color.swift in Sources */,
				27E82422285BE91C00A7FE96 /* GoalEnum.swift in Sources */,
				270CDD3C285767EC00D32953 /* WeighIn.swift in Sources */,
				2709AA1C2858EAEA00655C19 /* StepPicker.swift in Sources */,
				2709AA192858EA5900655C19 /* ActivityView.swift in Sources */,
				270CDD4D2857B4FF00D32953 /* WeightView.swift in Sources */,
				270CDD382857630000D32953 /* User.swift in Sources */,
				27D5191728537608004F4C9C /* DashboardTabView.swift in Sources */,
				27D5191D28537CDB004F4C9C /* HeightView.swift in Sources */,
				270CDD4F2857B80100D32953 /* WeightMeasurementTypeView.swift in Sources */,
				2709AA052858A80A00655C19 /* PreviewProvider.swift in Sources */,
				270CDD472857933900D32953 /* HeightMeasurementTypeView.swift in Sources */,
				2709AA142858D23100655C19 /* Alert.swift in Sources */,
				27D51909285375C5004F4C9C /* NutrientCalculatorV3App.swift in Sources */,
			);
			runOnlyForDeploymentPostprocessing = 0;
		};
/* End PBXSourcesBuildPhase section */

/* Begin XCBuildConfiguration section */
		27D51911285375C6004F4C9C /* Debug */ = {
			isa = XCBuildConfiguration;
			buildSettings = {
				ALWAYS_SEARCH_USER_PATHS = NO;
				CLANG_ANALYZER_NONNULL = YES;
				CLANG_ANALYZER_NUMBER_OBJECT_CONVERSION = YES_AGGRESSIVE;
				CLANG_CXX_LANGUAGE_STANDARD = "gnu++17";
				CLANG_ENABLE_MODULES = YES;
				CLANG_ENABLE_OBJC_ARC = YES;
				CLANG_ENABLE_OBJC_WEAK = YES;
				CLANG_WARN_BLOCK_CAPTURE_AUTORELEASING = YES;
				CLANG_WARN_BOOL_CONVERSION = YES;
				CLANG_WARN_COMMA = YES;
				CLANG_WARN_CONSTANT_CONVERSION = YES;
				CLANG_WARN_DEPRECATED_OBJC_IMPLEMENTATIONS = YES;
				CLANG_WARN_DIRECT_OBJC_ISA_USAGE = YES_ERROR;
				CLANG_WARN_DOCUMENTATION_COMMENTS = YES;
				CLANG_WARN_EMPTY_BODY = YES;
				CLANG_WARN_ENUM_CONVERSION = YES;
				CLANG_WARN_INFINITE_RECURSION = YES;
				CLANG_WARN_INT_CONVERSION = YES;
				CLANG_WARN_NON_LITERAL_NULL_CONVERSION = YES;
				CLANG_WARN_OBJC_IMPLICIT_RETAIN_SELF = YES;
				CLANG_WARN_OBJC_LITERAL_CONVERSION = YES;
				CLANG_WARN_OBJC_ROOT_CLASS = YES_ERROR;
				CLANG_WARN_QUOTED_INCLUDE_IN_FRAMEWORK_HEADER = YES;
				CLANG_WARN_RANGE_LOOP_ANALYSIS = YES;
				CLANG_WARN_STRICT_PROTOTYPES = YES;
				CLANG_WARN_SUSPICIOUS_MOVE = YES;
				CLANG_WARN_UNGUARDED_AVAILABILITY = YES_AGGRESSIVE;
				CLANG_WARN_UNREACHABLE_CODE = YES;
				CLANG_WARN__DUPLICATE_METHOD_MATCH = YES;
				COPY_PHASE_STRIP = NO;
				DEBUG_INFORMATION_FORMAT = dwarf;
				ENABLE_STRICT_OBJC_MSGSEND = YES;
				ENABLE_TESTABILITY = YES;
				GCC_C_LANGUAGE_STANDARD = gnu11;
				GCC_DYNAMIC_NO_PIC = NO;
				GCC_NO_COMMON_BLOCKS = YES;
				GCC_OPTIMIZATION_LEVEL = 0;
				GCC_PREPROCESSOR_DEFINITIONS = (
					"DEBUG=1",
					"$(inherited)",
				);
				GCC_WARN_64_TO_32_BIT_CONVERSION = YES;
				GCC_WARN_ABOUT_RETURN_TYPE = YES_ERROR;
				GCC_WARN_UNDECLARED_SELECTOR = YES;
				GCC_WARN_UNINITIALIZED_AUTOS = YES_AGGRESSIVE;
				GCC_WARN_UNUSED_FUNCTION = YES;
				GCC_WARN_UNUSED_VARIABLE = YES;
				IPHONEOS_DEPLOYMENT_TARGET = 15.5;
				MTL_ENABLE_DEBUG_INFO = INCLUDE_SOURCE;
				MTL_FAST_MATH = YES;
				ONLY_ACTIVE_ARCH = YES;
				SDKROOT = iphoneos;
				SWIFT_ACTIVE_COMPILATION_CONDITIONS = DEBUG;
				SWIFT_OPTIMIZATION_LEVEL = "-Onone";
			};
			name = Debug;
		};
		27D51912285375C6004F4C9C /* Release */ = {
			isa = XCBuildConfiguration;
			buildSettings = {
				ALWAYS_SEARCH_USER_PATHS = NO;
				CLANG_ANALYZER_NONNULL = YES;
				CLANG_ANALYZER_NUMBER_OBJECT_CONVERSION = YES_AGGRESSIVE;
				CLANG_CXX_LANGUAGE_STANDARD = "gnu++17";
				CLANG_ENABLE_MODULES = YES;
				CLANG_ENABLE_OBJC_ARC = YES;
				CLANG_ENABLE_OBJC_WEAK = YES;
				CLANG_WARN_BLOCK_CAPTURE_AUTORELEASING = YES;
				CLANG_WARN_BOOL_CONVERSION = YES;
				CLANG_WARN_COMMA = YES;
				CLANG_WARN_CONSTANT_CONVERSION = YES;
				CLANG_WARN_DEPRECATED_OBJC_IMPLEMENTATIONS = YES;
				CLANG_WARN_DIRECT_OBJC_ISA_USAGE = YES_ERROR;
				CLANG_WARN_DOCUMENTATION_COMMENTS = YES;
				CLANG_WARN_EMPTY_BODY = YES;
				CLANG_WARN_ENUM_CONVERSION = YES;
				CLANG_WARN_INFINITE_RECURSION = YES;
				CLANG_WARN_INT_CONVERSION = YES;
				CLANG_WARN_NON_LITERAL_NULL_CONVERSION = YES;
				CLANG_WARN_OBJC_IMPLICIT_RETAIN_SELF = YES;
				CLANG_WARN_OBJC_LITERAL_CONVERSION = YES;
				CLANG_WARN_OBJC_ROOT_CLASS = YES_ERROR;
				CLANG_WARN_QUOTED_INCLUDE_IN_FRAMEWORK_HEADER = YES;
				CLANG_WARN_RANGE_LOOP_ANALYSIS = YES;
				CLANG_WARN_STRICT_PROTOTYPES = YES;
				CLANG_WARN_SUSPICIOUS_MOVE = YES;
				CLANG_WARN_UNGUARDED_AVAILABILITY = YES_AGGRESSIVE;
				CLANG_WARN_UNREACHABLE_CODE = YES;
				CLANG_WARN__DUPLICATE_METHOD_MATCH = YES;
				COPY_PHASE_STRIP = NO;
				DEBUG_INFORMATION_FORMAT = "dwarf-with-dsym";
				ENABLE_NS_ASSERTIONS = NO;
				ENABLE_STRICT_OBJC_MSGSEND = YES;
				GCC_C_LANGUAGE_STANDARD = gnu11;
				GCC_NO_COMMON_BLOCKS = YES;
				GCC_WARN_64_TO_32_BIT_CONVERSION = YES;
				GCC_WARN_ABOUT_RETURN_TYPE = YES_ERROR;
				GCC_WARN_UNDECLARED_SELECTOR = YES;
				GCC_WARN_UNINITIALIZED_AUTOS = YES_AGGRESSIVE;
				GCC_WARN_UNUSED_FUNCTION = YES;
				GCC_WARN_UNUSED_VARIABLE = YES;
				IPHONEOS_DEPLOYMENT_TARGET = 15.5;
				MTL_ENABLE_DEBUG_INFO = NO;
				MTL_FAST_MATH = YES;
				SDKROOT = iphoneos;
				SWIFT_COMPILATION_MODE = wholemodule;
				SWIFT_OPTIMIZATION_LEVEL = "-O";
				VALIDATE_PRODUCT = YES;
			};
			name = Release;
		};
		27D51914285375C6004F4C9C /* Debug */ = {
			isa = XCBuildConfiguration;
			buildSettings = {
				ASSETCATALOG_COMPILER_APPICON_NAME = AppIcon;
				ASSETCATALOG_COMPILER_GLOBAL_ACCENT_COLOR_NAME = AccentColor;
				CODE_SIGN_STYLE = Automatic;
				CURRENT_PROJECT_VERSION = 1;
				DEVELOPMENT_ASSET_PATHS = "\"NutrientCalculatorV3/Preview Content\"";
				DEVELOPMENT_TEAM = 68NXZ87XVY;
				ENABLE_PREVIEWS = YES;
				GENERATE_INFOPLIST_FILE = YES;
				INFOPLIST_KEY_UIApplicationSceneManifest_Generation = YES;
				INFOPLIST_KEY_UIApplicationSupportsIndirectInputEvents = YES;
				INFOPLIST_KEY_UILaunchScreen_Generation = YES;
				INFOPLIST_KEY_UISupportedInterfaceOrientations = UIInterfaceOrientationPortrait;
				INFOPLIST_KEY_UISupportedInterfaceOrientations_iPad = "UIInterfaceOrientationPortrait UIInterfaceOrientationPortraitUpsideDown UIInterfaceOrientationLandscapeLeft UIInterfaceOrientationLandscapeRight";
				INFOPLIST_KEY_UISupportedInterfaceOrientations_iPhone = "UIInterfaceOrientationPortrait UIInterfaceOrientationLandscapeLeft UIInterfaceOrientationLandscapeRight";
				LD_RUNPATH_SEARCH_PATHS = (
					"$(inherited)",
					"@executable_path/Frameworks",
				);
				MARKETING_VERSION = 1.0;
				PRODUCT_BUNDLE_IDENTIFIER = com.kyleblandford.NutrientCalculatorV3;
				PRODUCT_NAME = "$(TARGET_NAME)";
				SWIFT_EMIT_LOC_STRINGS = YES;
				SWIFT_VERSION = 5.0;
				TARGETED_DEVICE_FAMILY = "1,2";
			};
			name = Debug;
		};
		27D51915285375C6004F4C9C /* Release */ = {
			isa = XCBuildConfiguration;
			buildSettings = {
				ASSETCATALOG_COMPILER_APPICON_NAME = AppIcon;
				ASSETCATALOG_COMPILER_GLOBAL_ACCENT_COLOR_NAME = AccentColor;
				CODE_SIGN_STYLE = Automatic;
				CURRENT_PROJECT_VERSION = 1;
				DEVELOPMENT_ASSET_PATHS = "\"NutrientCalculatorV3/Preview Content\"";
				DEVELOPMENT_TEAM = 68NXZ87XVY;
				ENABLE_PREVIEWS = YES;
				GENERATE_INFOPLIST_FILE = YES;
				INFOPLIST_KEY_UIApplicationSceneManifest_Generation = YES;
				INFOPLIST_KEY_UIApplicationSupportsIndirectInputEvents = YES;
				INFOPLIST_KEY_UILaunchScreen_Generation = YES;
				INFOPLIST_KEY_UISupportedInterfaceOrientations = UIInterfaceOrientationPortrait;
				INFOPLIST_KEY_UISupportedInterfaceOrientations_iPad = "UIInterfaceOrientationPortrait UIInterfaceOrientationPortraitUpsideDown UIInterfaceOrientationLandscapeLeft UIInterfaceOrientationLandscapeRight";
				INFOPLIST_KEY_UISupportedInterfaceOrientations_iPhone = "UIInterfaceOrientationPortrait UIInterfaceOrientationLandscapeLeft UIInterfaceOrientationLandscapeRight";
				LD_RUNPATH_SEARCH_PATHS = (
					"$(inherited)",
					"@executable_path/Frameworks",
				);
				MARKETING_VERSION = 1.0;
				PRODUCT_BUNDLE_IDENTIFIER = com.kyleblandford.NutrientCalculatorV3;
				PRODUCT_NAME = "$(TARGET_NAME)";
				SWIFT_EMIT_LOC_STRINGS = YES;
				SWIFT_VERSION = 5.0;
				TARGETED_DEVICE_FAMILY = "1,2";
			};
			name = Release;
		};
/* End XCBuildConfiguration section */

/* Begin XCConfigurationList section */
		27D51900285375C5004F4C9C /* Build configuration list for PBXProject "NutrientCalculatorV3" */ = {
			isa = XCConfigurationList;
			buildConfigurations = (
				27D51911285375C6004F4C9C /* Debug */,
				27D51912285375C6004F4C9C /* Release */,
			);
			defaultConfigurationIsVisible = 0;
			defaultConfigurationName = Release;
		};
		27D51913285375C6004F4C9C /* Build configuration list for PBXNativeTarget "NutrientCalculatorV3" */ = {
			isa = XCConfigurationList;
			buildConfigurations = (
				27D51914285375C6004F4C9C /* Debug */,
				27D51915285375C6004F4C9C /* Release */,
			);
			defaultConfigurationIsVisible = 0;
			defaultConfigurationName = Release;
		};
/* End XCConfigurationList section */
	};
	rootObject = 27D518FD285375C5004F4C9C /* Project object */;
}
